
Microsoft Visual Studio Solution File, Format Version 12.00
# Visual Studio Version 16
VisualStudioVersion = 16.0.29503.13
MinimumVisualStudioVersion = 10.0.40219.1
Project("{FAE04EC0-301F-11D3-BF4B-00C04F79EFBC}") = "calculator", "calculator\calculator.csproj", "{083843B8-3502-4F57-84D3-97322811156D}"
EndProject
Project("{FAE04EC0-301F-11D3-BF4B-00C04F79EFBC}") = "calculatorV2", "calculatorV2\calculatorV2.csproj", "{ACB2438D-942C-470F-B082-DFFEFF2492C7}"
EndProject
Global
	GlobalSection(SolutionConfigurationPlatforms) = preSolution
		Debug|Any CPU = Debug|Any CPU
		Release|Any CPU = Release|Any CPU
	EndGlobalSection
	GlobalSection(ProjectConfigurationPlatforms) = postSolution
		{083843B8-3502-4F57-84D3-97322811156D}.Debug|Any CPU.ActiveCfg = Debug|Any CPU
		{083843B8-3502-4F57-84D3-97322811156D}.Debug|Any CPU.Build.0 = Debug|Any CPU
		{083843B8-3502-4F57-84D3-97322811156D}.Release|Any CPU.ActiveCfg = Release|Any CPU
		{083843B8-3502-4F57-84D3-97322811156D}.Release|Any CPU.Build.0 = Release|Any CPU
		{ACB2438D-942C-470F-B082-DFFEFF2492C7}.Debug|Any CPU.ActiveCfg = Debug|Any CPU
		{ACB2438D-942C-470F-B082-DFFEFF2492C7}.Debug|Any CPU.Build.0 = Debug|Any CPU
		{ACB2438D-942C-470F-B082-DFFEFF2492C7}.Release|Any CPU.ActiveCfg = Release|Any CPU
		{ACB2438D-942C-470F-B082-DFFEFF2492C7}.Release|Any CPU.Build.0 = Release|Any CPU
	EndGlobalSection
	GlobalSection(SolutionProperties) = preSolution
		HideSolutionNode = FALSE
	EndGlobalSection
	GlobalSection(ExtensibilityGlobals) = postSolution
		SolutionGuid = {8CF14D88-53D4-4932-B520-69DEB8B7A13F}
	EndGlobalSection
EndGlobal
